{
  "name": "tutorial-tool-calling",
  "version": "1.0.0",
  "lockfileVersion": 3,
  "requires": true,
  "packages": {
    "": {
      "name": "tutorial-tool-calling",
      "version": "1.0.0",
      "dependencies": {
        "foundry-local-sdk": "latest"
      }
    },
    "node_modules/adm-zip": {
      "version": "0.5.17",
      "resolved": "https://registry.npmjs.org/adm-zip/-/adm-zip-0.5.17.tgz",
      "integrity": "sha512-+Ut8d9LLqwEvHHJl1+PIHqoyDxFgVN847JTVM3Izi3xHDWPE4UtzzXysMZQs64DMcrJfBeS/uoEP4AD3HQHnQQ==",
      "license": "MIT",
      "engines": {
        "node": ">=12.0"
      }
    },
    "node_modules/foundry-local-sdk": {
      "version": "1.0.0",
      "resolved": "https://registry.npmjs.org/foundry-local-sdk/-/foundry-local-sdk-1.0.0.tgz",
      "integrity": "sha512-wcuoKJbUn8FlNUAiXQPiYwBEJgMEjgIqtZkMXxstRH+bKl9ju1GGIHT5ih5DxG+XUb63I50x6K9L07qHOTNHDQ==",
      "hasInstallScript": true,
      "license": "ISC",
      "dependencies": {
        "adm-zip": "^0.5.16",
        "koffi": "^2.9.0"
      }
    },
    "node_modules/koffi": {
      "version": "2.15.6",
      "resolved": "https://registry.npmjs.org/koffi/-/koffi-2.15.6.tgz",
      "integrity": "sha512-WQBpM5uo74UQ17UpsFN+PUOrQQg4/nYdey4SGVluQun2drYYfePziLLWdSmFb4wSdWlJC1aimXQnjhPCheRKuw==",
      "hasInstallScript": true,
      "license": "MIT",
      "funding": {
        "url": "https://liberapay.com/Koromix"
      }
    }
  }
}
